PODS:
  - Flutter (1.0.0)
  - flutter_native_splash (0.0.1):
    - Flutter
  - image_picker_ios (0.0.1):
    - Flutter
  - TensorFlowLiteC (2.13.0):
    - TensorFlowLiteC/Core (= 2.13.0)
  - TensorFlowLiteC/Core (2.13.0)
  - tflite (1.1.2):
    - Flutter
    - TensorFlowLiteC

DEPENDENCIES:
  - Flutter (from `Flutter`)
  - flutter_native_splash (from `.symlinks/plugins/flutter_native_splash/ios`)
  - image_picker_ios (from `.symlinks/plugins/image_picker_ios/ios`)
  - TensorFlowLiteC (~> 2.7)
  - tflite (from `.symlinks/plugins/tflite/ios`)

SPEC REPOS:
  trunk:
    - TensorFlowLiteC

EXTERNAL SOURCES:
  Flutter:
    :path: Flutter
  flutter_native_splash:
    :path: ".symlinks/plugins/flutter_native_splash/ios"
  image_picker_ios:
    :path: ".symlinks/plugins/image_picker_ios/ios"
  tflite:
    :path: ".symlinks/plugins/tflite/ios"

SPEC CHECKSUMS:
  Flutter: f04841e97a9d0b0a8025694d0796dd46242b2854
  flutter_native_splash: 52501b97d1c0a5f898d687f1646226c1f93c56ef
  image_picker_ios: 99dfe1854b4fa34d0364e74a78448a0151025425
  TensorFlowLiteC: ac3334fa9dbc90e4744b4497312a393fd02b5408
  tflite: 7acd11db0915e2d90ab90474413068568eb605f0

PODFILE CHECKSUM: ed97333adfbeeea9afd1e80bf525be4050d806bc

COCOAPODS: 1.11.3
